
Microsoft Visual Studio Solution File, Format Version 12.00
# Visual Studio Version 18
VisualStudioVersion = 18.8.12023.21 stable
MinimumVisualStudioVersion = 10.0.40219.1
Project("{2150E333-8FDC-42A3-9474-1A3956D46DE8}") = "API", "API", "{02EA681E-C7D8-13C7-8484-4AC65E1B71E8}"
EndProject
Project("{2150E333-8FDC-42A3-9474-1A3956D46DE8}") = "Application", "Application", "{369CB01D-A1A7-72D2-AABC-3F0945D148A2}"
EndProject
Project("{2150E333-8FDC-42A3-9474-1A3956D46DE8}") = "Core", "Core", "{7DC331D0-3EC4-40A6-69FB-1CBEB2E0D1EA}"
EndProject
Project("{2150E333-8FDC-42A3-9474-1A3956D46DE8}") = "Infrastructure", "Infrastructure", "{643747C7-0307-8931-84D8-A7D1915E22E5}"
EndProject
Project("{2150E333-8FDC-42A3-9474-1A3956D46DE8}") = "Test", "Test", "{407CAF19-D506-2637-4B8A-F4DE78C81282}"
EndProject
Project("{2150E333-8FDC-42A3-9474-1A3956D46DE8}") = "MVC", "MVC", "{1670470B-4B64-725C-D0F7-3206B6B2A88E}"
EndProject
Project("{FAE04EC0-301F-11D3-BF4B-00C04F79EFBC}") = "SGA.Domain", "SGA.Domain\SGA.Domain.csproj", "{9B660313-508F-418C-B5D2-BE73D8338664}"
EndProject
Project("{FAE04EC0-301F-11D3-BF4B-00C04F79EFBC}") = "SGA.Model", "SGA.Model\SGA.Model.csproj", "{DC37EC99-5C63-40FB-B616-4F6F57B8B426}"
EndProject
Project("{FAE04EC0-301F-11D3-BF4B-00C04F79EFBC}") = "SGA.Application", "SGA.Application\SGA.Application.csproj", "{45328AD2-1C0B-4AE8-A11D-F9746DB44591}"
EndProject
Project("{FAE04EC0-301F-11D3-BF4B-00C04F79EFBC}") = "SGA.Persistence", "SGA.Persistence\SGA.Persistence.csproj", "{3BFEC45F-D571-4DBA-A54E-300C654F728E}"
EndProject
Project("{FAE04EC0-301F-11D3-BF4B-00C04F79EFBC}") = "SGA.Infrastructure", "SGA.Infrastructure\SGA.Infrastructure.csproj", "{4C22193F-A0CF-435D-AA79-9C04333D24D5}"
EndProject
Project("{FAE04EC0-301F-11D3-BF4B-00C04F79EFBC}") = "SGA.Application.Test", "SGA.Application.Test\SGA.Application.Test.csproj", "{41537898-C8A2-4DD7-92B8-E3F80BB07FEF}"
EndProject
Project("{FAE04EC0-301F-11D3-BF4B-00C04F79EFBC}") = "SGA.Persistence.Test", "SGA.Persistence.Test\SGA.Persistence.Test.csproj", "{943AB286-318B-4B7D-AC05-0D204C33F5C8}"
EndProject
Project("{FAE04EC0-301F-11D3-BF4B-00C04F79EFBC}") = "SGA.Api.Desktop", "SGA.Api\SGA.Api.Desktop.csproj", "{05250F34-6250-40EA-A7D9-A889DAC20E39}"
EndProject
Project("{FAE04EC0-301F-11D3-BF4B-00C04F79EFBC}") = "SGA.MVC.Wanda", "SGA.Web\SGA.MVC.Wanda.csproj", "{11FA2761-AB6D-43E8-BB07-127125A8E794}"
EndProject
Project("{2150E333-8FDC-42A3-9474-1A3956D46DE8}") = "Database", "Database", "{284D8F0C-8D00-4203-883D-C1E1954D7A28}"
	ProjectSection(SolutionItems) = preProject
		SGA.sql = SGA.sql
	EndProjectSection
EndProject
Project("{FAE04EC0-301F-11D3-BF4B-00C04F79EFBC}") = "SGA.IOC", "SGA.IOC\SGA.IOC.csproj", "{68E316A3-F12C-4828-839D-07E467981FC0}"
EndProject
Project("{2150E333-8FDC-42A3-9474-1A3956D46DE8}") = "IOC", "IOC", "{72EB83E4-3469-478B-8C44-5B65B1F04CAA}"
EndProject
Project("{FAE04EC0-301F-11D3-BF4B-00C04F79EFBC}") = "SGA.Api.Web", "SGA.Api.Web\SGA.Api.Web.csproj", "{1B78AE64-12AA-BF83-BAB1-C1AF1864F0D5}"
EndProject
Project("{FAE04EC0-301F-11D3-BF4B-00C04F79EFBC}") = "SGA.MVC.Johan", "SGA.MVC\SGA.MVC.Johan.csproj", "{AE33B94E-29E5-47CD-80E1-2DA385A0F487}"
EndProject
Project("{2150E333-8FDC-42A3-9474-1A3956D46DE8}") = "Desktop", "Desktop", "{1F6FB0C8-E060-46BB-87E1-790B4BE2E206}"
EndProject
Project("{FAE04EC0-301F-11D3-BF4B-00C04F79EFBC}") = "SGA.Desktop", "SGA.Desktop\SGA.Desktop.csproj", "{4ED7E3CD-58D7-4B33-AB67-3D49A7EC024E}"
EndProject
Global
	GlobalSection(SolutionConfigurationPlatforms) = preSolution
		Debug|Any CPU = Debug|Any CPU
		Release|Any CPU = Release|Any CPU
	EndGlobalSection
	GlobalSection(ProjectConfigurationPlatforms) = postSolution
		{9B660313-508F-418C-B5D2-BE73D8338664}.Debug|Any CPU.ActiveCfg = Debug|Any CPU
		{9B660313-508F-418C-B5D2-BE73D8338664}.Debug|Any CPU.Build.0 = Debug|Any CPU
		{9B660313-508F-418C-B5D2-BE73D8338664}.Release|Any CPU.ActiveCfg = Release|Any CPU
		{9B660313-508F-418C-B5D2-BE73D8338664}.Release|Any CPU.Build.0 = Release|Any CPU
		{DC37EC99-5C63-40FB-B616-4F6F57B8B426}.Debug|Any CPU.ActiveCfg = Debug|Any CPU
		{DC37EC99-5C63-40FB-B616-4F6F57B8B426}.Debug|Any CPU.Build.0 = Debug|Any CPU
		{DC37EC99-5C63-40FB-B616-4F6F57B8B426}.Release|Any CPU.ActiveCfg = Release|Any CPU
		{DC37EC99-5C63-40FB-B616-4F6F57B8B426}.Release|Any CPU.Build.0 = Release|Any CPU
		{45328AD2-1C0B-4AE8-A11D-F9746DB44591}.Debug|Any CPU.ActiveCfg = Debug|Any CPU
		{45328AD2-1C0B-4AE8-A11D-F9746DB44591}.Debug|Any CPU.Build.0 = Debug|Any CPU
		{45328AD2-1C0B-4AE8-A11D-F9746DB44591}.Release|Any CPU.ActiveCfg = Release|Any CPU
		{45328AD2-1C0B-4AE8-A11D-F9746DB44591}.Release|Any CPU.Build.0 = Release|Any CPU
		{3BFEC45F-D571-4DBA-A54E-300C654F728E}.Debug|Any CPU.ActiveCfg = Debug|Any CPU
		{3BFEC45F-D571-4DBA-A54E-300C654F728E}.Debug|Any CPU.Build.0 = Debug|Any CPU
		{3BFEC45F-D571-4DBA-A54E-300C654F728E}.Release|Any CPU.ActiveCfg = Release|Any CPU
		{3BFEC45F-D571-4DBA-A54E-300C654F728E}.Release|Any CPU.Build.0 = Release|Any CPU
		{4C22193F-A0CF-435D-AA79-9C04333D24D5}.Debug|Any CPU.ActiveCfg = Debug|Any CPU
		{4C22193F-A0CF-435D-AA79-9C04333D24D5}.Debug|Any CPU.Build.0 = Debug|Any CPU
		{4C22193F-A0CF-435D-AA79-9C04333D24D5}.Release|Any CPU.ActiveCfg = Release|Any CPU
		{4C22193F-A0CF-435D-AA79-9C04333D24D5}.Release|Any CPU.Build.0 = Release|Any CPU
		{41537898-C8A2-4DD7-92B8-E3F80BB07FEF}.Debug|Any CPU.ActiveCfg = Debug|Any CPU
		{41537898-C8A2-4DD7-92B8-E3F80BB07FEF}.Debug|Any CPU.Build.0 = Debug|Any CPU
		{41537898-C8A2-4DD7-92B8-E3F80BB07FEF}.Release|Any CPU.ActiveCfg = Release|Any CPU
		{41537898-C8A2-4DD7-92B8-E3F80BB07FEF}.Release|Any CPU.Build.0 = Release|Any CPU
		{943AB286-318B-4B7D-AC05-0D204C33F5C8}.Debug|Any CPU.ActiveCfg = Debug|Any CPU
		{943AB286-318B-4B7D-AC05-0D204C33F5C8}.Debug|Any CPU.Build.0 = Debug|Any CPU
		{943AB286-318B-4B7D-AC05-0D204C33F5C8}.Release|Any CPU.ActiveCfg = Release|Any CPU
		{943AB286-318B-4B7D-AC05-0D204C33F5C8}.Release|Any CPU.Build.0 = Release|Any CPU
		{05250F34-6250-40EA-A7D9-A889DAC20E39}.Debug|Any CPU.ActiveCfg = Debug|Any CPU
		{05250F34-6250-40EA-A7D9-A889DAC20E39}.Debug|Any CPU.Build.0 = Debug|Any CPU
		{05250F34-6250-40EA-A7D9-A889DAC20E39}.Release|Any CPU.ActiveCfg = Release|Any CPU
		{05250F34-6250-40EA-A7D9-A889DAC20E39}.Release|Any CPU.Build.0 = Release|Any CPU
		{11FA2761-AB6D-43E8-BB07-127125A8E794}.Debug|Any CPU.ActiveCfg = Debug|Any CPU
		{11FA2761-AB6D-43E8-BB07-127125A8E794}.Debug|Any CPU.Build.0 = Debug|Any CPU
		{11FA2761-AB6D-43E8-BB07-127125A8E794}.Release|Any CPU.ActiveCfg = Release|Any CPU
		{11FA2761-AB6D-43E8-BB07-127125A8E794}.Release|Any CPU.Build.0 = Release|Any CPU
		{68E316A3-F12C-4828-839D-07E467981FC0}.Debug|Any CPU.ActiveCfg = Debug|Any CPU
		{68E316A3-F12C-4828-839D-07E467981FC0}.Debug|Any CPU.Build.0 = Debug|Any CPU
		{68E316A3-F12C-4828-839D-07E467981FC0}.Release|Any CPU.ActiveCfg = Release|Any CPU
		{68E316A3-F12C-4828-839D-07E467981FC0}.Release|Any CPU.Build.0 = Release|Any CPU
		{1B78AE64-12AA-BF83-BAB1-C1AF1864F0D5}.Debug|Any CPU.ActiveCfg = Debug|Any CPU
		{1B78AE64-12AA-BF83-BAB1-C1AF1864F0D5}.Debug|Any CPU.Build.0 = Debug|Any CPU
		{1B78AE64-12AA-BF83-BAB1-C1AF1864F0D5}.Release|Any CPU.ActiveCfg = Release|Any CPU
		{1B78AE64-12AA-BF83-BAB1-C1AF1864F0D5}.Release|Any CPU.Build.0 = Release|Any CPU
		{AE33B94E-29E5-47CD-80E1-2DA385A0F487}.Debug|Any CPU.ActiveCfg = Debug|Any CPU
		{AE33B94E-29E5-47CD-80E1-2DA385A0F487}.Debug|Any CPU.Build.0 = Debug|Any CPU
		{AE33B94E-29E5-47CD-80E1-2DA385A0F487}.Release|Any CPU.ActiveCfg = Release|Any CPU
		{AE33B94E-29E5-47CD-80E1-2DA385A0F487}.Release|Any CPU.Build.0 = Release|Any CPU
		{4ED7E3CD-58D7-4B33-AB67-3D49A7EC024E}.Debug|Any CPU.ActiveCfg = Debug|Any CPU
		{4ED7E3CD-58D7-4B33-AB67-3D49A7EC024E}.Debug|Any CPU.Build.0 = Debug|Any CPU
		{4ED7E3CD-58D7-4B33-AB67-3D49A7EC024E}.Release|Any CPU.ActiveCfg = Release|Any CPU
		{4ED7E3CD-58D7-4B33-AB67-3D49A7EC024E}.Release|Any CPU.Build.0 = Release|Any CPU
	EndGlobalSection
	GlobalSection(SolutionProperties) = preSolution
		HideSolutionNode = FALSE
	EndGlobalSection
	GlobalSection(NestedProjects) = preSolution
		{9B660313-508F-418C-B5D2-BE73D8338664} = {7DC331D0-3EC4-40A6-69FB-1CBEB2E0D1EA}
		{DC37EC99-5C63-40FB-B616-4F6F57B8B426} = {7DC331D0-3EC4-40A6-69FB-1CBEB2E0D1EA}
		{45328AD2-1C0B-4AE8-A11D-F9746DB44591} = {369CB01D-A1A7-72D2-AABC-3F0945D148A2}
		{3BFEC45F-D571-4DBA-A54E-300C654F728E} = {643747C7-0307-8931-84D8-A7D1915E22E5}
		{4C22193F-A0CF-435D-AA79-9C04333D24D5} = {643747C7-0307-8931-84D8-A7D1915E22E5}
		{41537898-C8A2-4DD7-92B8-E3F80BB07FEF} = {407CAF19-D506-2637-4B8A-F4DE78C81282}
		{943AB286-318B-4B7D-AC05-0D204C33F5C8} = {407CAF19-D506-2637-4B8A-F4DE78C81282}
		{05250F34-6250-40EA-A7D9-A889DAC20E39} = {02EA681E-C7D8-13C7-8484-4AC65E1B71E8}
		{11FA2761-AB6D-43E8-BB07-127125A8E794} = {1670470B-4B64-725C-D0F7-3206B6B2A88E}
		{68E316A3-F12C-4828-839D-07E467981FC0} = {72EB83E4-3469-478B-8C44-5B65B1F04CAA}
		{1B78AE64-12AA-BF83-BAB1-C1AF1864F0D5} = {02EA681E-C7D8-13C7-8484-4AC65E1B71E8}
		{AE33B94E-29E5-47CD-80E1-2DA385A0F487} = {1670470B-4B64-725C-D0F7-3206B6B2A88E}
		{4ED7E3CD-58D7-4B33-AB67-3D49A7EC024E} = {1F6FB0C8-E060-46BB-87E1-790B4BE2E206}
	EndGlobalSection
	GlobalSection(ExtensibilityGlobals) = postSolution
		SolutionGuid = {5FE17353-5A8B-4282-9EA8-782A3499D461}
	EndGlobalSection
EndGlobal
